
Microsoft Visual Studio Solution File, Format Version 12.00
# Visual Studio Version 16
VisualStudioVersion = 16.0.30804.86
MinimumVisualStudioVersion = 10.0.40219.1
Project("{FAE04EC0-301F-11D3-BF4B-00C04F79EFBC}") = "Test.Android", "Test\Test.Android\Test.Android.csproj", "{FA509865-1AC2-41E6-B44A-3B72FFBE9F2B}"
EndProject
Project("{FAE04EC0-301F-11D3-BF4B-00C04F79EFBC}") = "Test.iOS", "Test\Test.iOS\Test.iOS.csproj", "{0D47957D-24B5-4991-B995-4697657E80F1}"
EndProject
Project("{FAE04EC0-301F-11D3-BF4B-00C04F79EFBC}") = "Test", "Test\Test\Test.csproj", "{77849B98-8D68-4C59-8AC8-9C61105794F2}"
EndProject
Global
	GlobalSection(SolutionConfigurationPlatforms) = preSolution
		Debug|Any CPU = Debug|Any CPU
		Debug|iPhone = Debug|iPhone
		Debug|iPhoneSimulator = Debug|iPhoneSimulator
		Release|Any CPU = Release|Any CPU
		Release|iPhone = Release|iPhone
		Release|iPhoneSimulator = Release|iPhoneSimulator
	EndGlobalSection
	GlobalSection(ProjectConfigurationPlatforms) = postSolution
		{FA509865-1AC2-41E6-B44A-3B72FFBE9F2B}.Debug|Any CPU.ActiveCfg = Debug|Any CPU
		{FA509865-1AC2-41E6-B44A-3B72FFBE9F2B}.Debug|Any CPU.Build.0 = Debug|Any CPU
		{FA509865-1AC2-41E6-B44A-3B72FFBE9F2B}.Debug|Any CPU.Deploy.0 = Debug|Any CPU
		{FA509865-1AC2-41E6-B44A-3B72FFBE9F2B}.Debug|iPhone.ActiveCfg = Debug|Any CPU
		{FA509865-1AC2-41E6-B44A-3B72FFBE9F2B}.Debug|iPhone.Build.0 = Debug|Any CPU
		{FA509865-1AC2-41E6-B44A-3B72FFBE9F2B}.Debug|iPhone.Deploy.0 = Debug|Any CPU
		{FA509865-1AC2-41E6-B44A-3B72FFBE9F2B}.Debug|iPhoneSimulator.ActiveCfg = Debug|Any CPU
		{FA509865-1AC2-41E6-B44A-3B72FFBE9F2B}.Debug|iPhoneSimulator.Build.0 = Debug|Any CPU
		{FA509865-1AC2-41E6-B44A-3B72FFBE9F2B}.Debug|iPhoneSimulator.Deploy.0 = Debug|Any CPU
		{FA509865-1AC2-41E6-B44A-3B72FFBE9F2B}.Release|Any CPU.ActiveCfg = Release|Any CPU
		{FA509865-1AC2-41E6-B44A-3B72FFBE9F2B}.Release|Any CPU.Build.0 = Release|Any CPU
		{FA509865-1AC2-41E6-B44A-3B72FFBE9F2B}.Release|Any CPU.Deploy.0 = Release|Any CPU
		{FA509865-1AC2-41E6-B44A-3B72FFBE9F2B}.Release|iPhone.ActiveCfg = Release|Any CPU
		{FA509865-1AC2-41E6-B44A-3B72FFBE9F2B}.Release|iPhone.Build.0 = Release|Any CPU
		{FA509865-1AC2-41E6-B44A-3B72FFBE9F2B}.Release|iPhone.Deploy.0 = Release|Any CPU
		{FA509865-1AC2-41E6-B44A-3B72FFBE9F2B}.Release|iPhoneSimulator.ActiveCfg = Release|Any CPU
		{FA509865-1AC2-41E6-B44A-3B72FFBE9F2B}.Release|iPhoneSimulator.Build.0 = Release|Any CPU
		{FA509865-1AC2-41E6-B44A-3B72FFBE9F2B}.Release|iPhoneSimulator.Deploy.0 = Release|Any CPU
		{0D47957D-24B5-4991-B995-4697657E80F1}.Debug|Any CPU.ActiveCfg = Debug|iPhone
		{0D47957D-24B5-4991-B995-4697657E80F1}.Debug|Any CPU.Build.0 = Debug|iPhone
		{0D47957D-24B5-4991-B995-4697657E80F1}.Debug|Any CPU.Deploy.0 = Debug|iPhone
		{0D47957D-24B5-4991-B995-4697657E80F1}.Debug|iPhone.ActiveCfg = Debug|iPhone
		{0D47957D-24B5-4991-B995-4697657E80F1}.Debug|iPhone.Build.0 = Debug|iPhone
		{0D47957D-24B5-4991-B995-4697657E80F1}.Debug|iPhone.Deploy.0 = Debug|iPhone
		{0D47957D-24B5-4991-B995-4697657E80F1}.Debug|iPhoneSimulator.ActiveCfg = Debug|iPhoneSimulator
		{0D47957D-24B5-4991-B995-4697657E80F1}.Debug|iPhoneSimulator.Build.0 = Debug|iPhoneSimulator
		{0D47957D-24B5-4991-B995-4697657E80F1}.Debug|iPhoneSimulator.Deploy.0 = Debug|iPhoneSimulator
		{0D47957D-24B5-4991-B995-4697657E80F1}.Release|Any CPU.ActiveCfg = Release|iPhoneSimulator
		{0D47957D-24B5-4991-B995-4697657E80F1}.Release|Any CPU.Build.0 = Release|iPhoneSimulator
		{0D47957D-24B5-4991-B995-4697657E80F1}.Release|Any CPU.Deploy.0 = Release|iPhoneSimulator
		{0D47957D-24B5-4991-B995-4697657E80F1}.Release|iPhone.ActiveCfg = Release|iPhone
		{0D47957D-24B5-4991-B995-4697657E80F1}.Release|iPhone.Build.0 = Release|iPhone
		{0D47957D-24B5-4991-B995-4697657E80F1}.Release|iPhone.Deploy.0 = Release|iPhone
		{0D47957D-24B5-4991-B995-4697657E80F1}.Release|iPhoneSimulator.ActiveCfg = Release|iPhoneSimulator
		{0D47957D-24B5-4991-B995-4697657E80F1}.Release|iPhoneSimulator.Build.0 = Release|iPhoneSimulator
		{0D47957D-24B5-4991-B995-4697657E80F1}.Release|iPhoneSimulator.Deploy.0 = Release|iPhoneSimulator
		{77849B98-8D68-4C59-8AC8-9C61105794F2}.Debug|Any CPU.ActiveCfg = Debug|Any CPU
		{77849B98-8D68-4C59-8AC8-9C61105794F2}.Debug|Any CPU.Build.0 = Debug|Any CPU
		{77849B98-8D68-4C59-8AC8-9C61105794F2}.Debug|Any CPU.Deploy.0 = Debug|Any CPU
		{77849B98-8D68-4C59-8AC8-9C61105794F2}.Debug|iPhone.ActiveCfg = Debug|Any CPU
		{77849B98-8D68-4C59-8AC8-9C61105794F2}.Debug|iPhone.Build.0 = Debug|Any CPU
		{77849B98-8D68-4C59-8AC8-9C61105794F2}.Debug|iPhone.Deploy.0 = Debug|Any CPU
		{77849B98-8D68-4C59-8AC8-9C61105794F2}.Debug|iPhoneSimulator.ActiveCfg = Debug|Any CPU
		{77849B98-8D68-4C59-8AC8-9C61105794F2}.Debug|iPhoneSimulator.Build.0 = Debug|Any CPU
		{77849B98-8D68-4C59-8AC8-9C61105794F2}.Debug|iPhoneSimulator.Deploy.0 = Debug|Any CPU
		{77849B98-8D68-4C59-8AC8-9C61105794F2}.Release|Any CPU.ActiveCfg = Release|Any CPU
		{77849B98-8D68-4C59-8AC8-9C61105794F2}.Release|Any CPU.Build.0 = Release|Any CPU
		{77849B98-8D68-4C59-8AC8-9C61105794F2}.Release|Any CPU.Deploy.0 = Release|Any CPU
		{77849B98-8D68-4C59-8AC8-9C61105794F2}.Release|iPhone.ActiveCfg = Release|Any CPU
		{77849B98-8D68-4C59-8AC8-9C61105794F2}.Release|iPhone.Build.0 = Release|Any CPU
		{77849B98-8D68-4C59-8AC8-9C61105794F2}.Release|iPhone.Deploy.0 = Release|Any CPU
		{77849B98-8D68-4C59-8AC8-9C61105794F2}.Release|iPhoneSimulator.ActiveCfg = Release|Any CPU
		{77849B98-8D68-4C59-8AC8-9C61105794F2}.Release|iPhoneSimulator.Build.0 = Release|Any CPU
		{77849B98-8D68-4C59-8AC8-9C61105794F2}.Release|iPhoneSimulator.Deploy.0 = Release|Any CPU
	EndGlobalSection
	GlobalSection(SolutionProperties) = preSolution
		HideSolutionNode = FALSE
	EndGlobalSection
	GlobalSection(ExtensibilityGlobals) = postSolution
		SolutionGuid = {20CCAC73-EAB0-43E7-A638-0471550465E1}
	EndGlobalSection
EndGlobal
