
Microsoft Visual Studio Solution File, Format Version 12.00
# Visual Studio Version 16
VisualStudioVersion = 16.0.30804.86
MinimumVisualStudioVersion = 10.0.40219.1
Project("{FAE04EC0-301F-11D3-BF4B-00C04F79EFBC}") = "Test.Android", "Test\Test.Android\Test.Android.csproj", "{FA509865-1AC2-41E6-B44A-3B72FFBE9F2B}"
EndProject
Project("{FAE04EC0-301F-11D3-BF4B-00C04F79EFBC}") = "Test.iOS", "Test\Test.iOS\Test.iOS.csproj", "{0D47957D-24B5-4991-B995-4697657E80F1}"
EndProject
Project("{9A19103F-16F7-4668-BE54-9A1E7A4F7556}") = "Test", "Test\Test\Test.csproj", "{77849B98-8D68-4C59-8AC8-9C61105794F2}"
EndProject
Project("{2150E333-8FDC-42A3-9474-1A3956D46DE8}") = "Infrastructure", "Infrastructure", "{CEF5F13E-9A3F-4C7D-B40D-ABF79BC1E34C}"
EndProject
Project("{9A19103F-16F7-4668-BE54-9A1E7A4F7556}") = "Kola.Infrastructure", "Test\Kola.Infrastructure\Kola.Infrastructure.csproj", "{5C568659-D60A-4324-9E82-86400DC4ABBB}"
EndProject
Project("{2150E333-8FDC-42A3-9474-1A3956D46DE8}") = "Modules", "Modules", "{025C8228-1B08-4A47-B6D3-96BD37516058}"
EndProject
Project("{9A19103F-16F7-4668-BE54-9A1E7A4F7556}") = "Kola.Starting", "Test\Kola.Starting\Kola.Starting.csproj", "{8C5D8746-5DA0-479B-AC1C-5993777AF49E}"
EndProject
Global
	GlobalSection(SolutionConfigurationPlatforms) = preSolution
		Debug|Any CPU = Debug|Any CPU
		Debug|iPhone = Debug|iPhone
		Debug|iPhoneSimulator = Debug|iPhoneSimulator
		Release|Any CPU = Release|Any CPU
		Release|iPhone = Release|iPhone
		Release|iPhoneSimulator = Release|iPhoneSimulator
	EndGlobalSection
	GlobalSection(ProjectConfigurationPlatforms) = postSolution
		{FA509865-1AC2-41E6-B44A-3B72FFBE9F2B}.Debug|Any CPU.ActiveCfg = Debug|Any CPU
		{FA509865-1AC2-41E6-B44A-3B72FFBE9F2B}.Debug|Any CPU.Build.0 = Debug|Any CPU
		{FA509865-1AC2-41E6-B44A-3B72FFBE9F2B}.Debug|Any CPU.Deploy.0 = Debug|Any CPU
		{FA509865-1AC2-41E6-B44A-3B72FFBE9F2B}.Debug|iPhone.ActiveCfg = Debug|Any CPU
		{FA509865-1AC2-41E6-B44A-3B72FFBE9F2B}.Debug|iPhone.Build.0 = Debug|Any CPU
		{FA509865-1AC2-41E6-B44A-3B72FFBE9F2B}.Debug|iPhone.Deploy.0 = Debug|Any CPU
		{FA509865-1AC2-41E6-B44A-3B72FFBE9F2B}.Debug|iPhoneSimulator.ActiveCfg = Debug|Any CPU
		{FA509865-1AC2-41E6-B44A-3B72FFBE9F2B}.Debug|iPhoneSimulator.Build.0 = Debug|Any CPU
		{FA509865-1AC2-41E6-B44A-3B72FFBE9F2B}.Debug|iPhoneSimulator.Deploy.0 = Debug|Any CPU
		{FA509865-1AC2-41E6-B44A-3B72FFBE9F2B}.Release|Any CPU.ActiveCfg = Release|Any CPU
		{FA509865-1AC2-41E6-B44A-3B72FFBE9F2B}.Release|Any CPU.Build.0 = Release|Any CPU
		{FA509865-1AC2-41E6-B44A-3B72FFBE9F2B}.Release|Any CPU.Deploy.0 = Release|Any CPU
		{FA509865-1AC2-41E6-B44A-3B72FFBE9F2B}.Release|iPhone.ActiveCfg = Release|Any CPU
		{FA509865-1AC2-41E6-B44A-3B72FFBE9F2B}.Release|iPhone.Build.0 = Release|Any CPU
		{FA509865-1AC2-41E6-B44A-3B72FFBE9F2B}.Release|iPhone.Deploy.0 = Release|Any CPU
		{FA509865-1AC2-41E6-B44A-3B72FFBE9F2B}.Release|iPhoneSimulator.ActiveCfg = Release|Any CPU
		{FA509865-1AC2-41E6-B44A-3B72FFBE9F2B}.Release|iPhoneSimulator.Build.0 = Release|Any CPU
		{FA509865-1AC2-41E6-B44A-3B72FFBE9F2B}.Release|iPhoneSimulator.Deploy.0 = Release|Any CPU
		{0D47957D-24B5-4991-B995-4697657E80F1}.Debug|Any CPU.ActiveCfg = Debug|iPhone
		{0D47957D-24B5-4991-B995-4697657E80F1}.Debug|Any CPU.Build.0 = Debug|iPhone
		{0D47957D-24B5-4991-B995-4697657E80F1}.Debug|Any CPU.Deploy.0 = Debug|iPhone
		{0D47957D-24B5-4991-B995-4697657E80F1}.Debug|iPhone.ActiveCfg = Debug|iPhone
		{0D47957D-24B5-4991-B995-4697657E80F1}.Debug|iPhone.Build.0 = Debug|iPhone
		{0D47957D-24B5-4991-B995-4697657E80F1}.Debug|iPhone.Deploy.0 = Debug|iPhone
		{0D47957D-24B5-4991-B995-4697657E80F1}.Debug|iPhoneSimulator.ActiveCfg = Debug|iPhoneSimulator
		{0D47957D-24B5-4991-B995-4697657E80F1}.Debug|iPhoneSimulator.Build.0 = Debug|iPhoneSimulator
		{0D47957D-24B5-4991-B995-4697657E80F1}.Debug|iPhoneSimulator.Deploy.0 = Debug|iPhoneSimulator
		{0D47957D-24B5-4991-B995-4697657E80F1}.Release|Any CPU.ActiveCfg = Release|iPhoneSimulator
		{0D47957D-24B5-4991-B995-4697657E80F1}.Release|Any CPU.Build.0 = Release|iPhoneSimulator
		{0D47957D-24B5-4991-B995-4697657E80F1}.Release|Any CPU.Deploy.0 = Release|iPhoneSimulator
		{0D47957D-24B5-4991-B995-4697657E80F1}.Release|iPhone.ActiveCfg = Release|iPhone
		{0D47957D-24B5-4991-B995-4697657E80F1}.Release|iPhone.Build.0 = Release|iPhone
		{0D47957D-24B5-4991-B995-4697657E80F1}.Release|iPhone.Deploy.0 = Release|iPhone
		{0D47957D-24B5-4991-B995-4697657E80F1}.Release|iPhoneSimulator.ActiveCfg = Release|iPhoneSimulator
		{0D47957D-24B5-4991-B995-4697657E80F1}.Release|iPhoneSimulator.Build.0 = Release|iPhoneSimulator
		{0D47957D-24B5-4991-B995-4697657E80F1}.Release|iPhoneSimulator.Deploy.0 = Release|iPhoneSimulator
		{77849B98-8D68-4C59-8AC8-9C61105794F2}.Debug|Any CPU.ActiveCfg = Debug|Any CPU
		{77849B98-8D68-4C59-8AC8-9C61105794F2}.Debug|Any CPU.Build.0 = Debug|Any CPU
		{77849B98-8D68-4C59-8AC8-9C61105794F2}.Debug|Any CPU.Deploy.0 = Debug|Any CPU
		{77849B98-8D68-4C59-8AC8-9C61105794F2}.Debug|iPhone.ActiveCfg = Debug|Any CPU
		{77849B98-8D68-4C59-8AC8-9C61105794F2}.Debug|iPhone.Build.0 = Debug|Any CPU
		{77849B98-8D68-4C59-8AC8-9C61105794F2}.Debug|iPhone.Deploy.0 = Debug|Any CPU
		{77849B98-8D68-4C59-8AC8-9C61105794F2}.Debug|iPhoneSimulator.ActiveCfg = Debug|Any CPU
		{77849B98-8D68-4C59-8AC8-9C61105794F2}.Debug|iPhoneSimulator.Build.0 = Debug|Any CPU
		{77849B98-8D68-4C59-8AC8-9C61105794F2}.Debug|iPhoneSimulator.Deploy.0 = Debug|Any CPU
		{77849B98-8D68-4C59-8AC8-9C61105794F2}.Release|Any CPU.ActiveCfg = Release|Any CPU
		{77849B98-8D68-4C59-8AC8-9C61105794F2}.Release|Any CPU.Build.0 = Release|Any CPU
		{77849B98-8D68-4C59-8AC8-9C61105794F2}.Release|Any CPU.Deploy.0 = Release|Any CPU
		{77849B98-8D68-4C59-8AC8-9C61105794F2}.Release|iPhone.ActiveCfg = Release|Any CPU
		{77849B98-8D68-4C59-8AC8-9C61105794F2}.Release|iPhone.Build.0 = Release|Any CPU
		{77849B98-8D68-4C59-8AC8-9C61105794F2}.Release|iPhone.Deploy.0 = Release|Any CPU
		{77849B98-8D68-4C59-8AC8-9C61105794F2}.Release|iPhoneSimulator.ActiveCfg = Release|Any CPU
		{77849B98-8D68-4C59-8AC8-9C61105794F2}.Release|iPhoneSimulator.Build.0 = Release|Any CPU
		{77849B98-8D68-4C59-8AC8-9C61105794F2}.Release|iPhoneSimulator.Deploy.0 = Release|Any CPU
		{5C568659-D60A-4324-9E82-86400DC4ABBB}.Debug|Any CPU.ActiveCfg = Debug|Any CPU
		{5C568659-D60A-4324-9E82-86400DC4ABBB}.Debug|Any CPU.Build.0 = Debug|Any CPU
		{5C568659-D60A-4324-9E82-86400DC4ABBB}.Debug|iPhone.ActiveCfg = Debug|Any CPU
		{5C568659-D60A-4324-9E82-86400DC4ABBB}.Debug|iPhone.Build.0 = Debug|Any CPU
		{5C568659-D60A-4324-9E82-86400DC4ABBB}.Debug|iPhoneSimulator.ActiveCfg = Debug|Any CPU
		{5C568659-D60A-4324-9E82-86400DC4ABBB}.Debug|iPhoneSimulator.Build.0 = Debug|Any CPU
		{5C568659-D60A-4324-9E82-86400DC4ABBB}.Release|Any CPU.ActiveCfg = Release|Any CPU
		{5C568659-D60A-4324-9E82-86400DC4ABBB}.Release|Any CPU.Build.0 = Release|Any CPU
		{5C568659-D60A-4324-9E82-86400DC4ABBB}.Release|iPhone.ActiveCfg = Release|Any CPU
		{5C568659-D60A-4324-9E82-86400DC4ABBB}.Release|iPhone.Build.0 = Release|Any CPU
		{5C568659-D60A-4324-9E82-86400DC4ABBB}.Release|iPhoneSimulator.ActiveCfg = Release|Any CPU
		{5C568659-D60A-4324-9E82-86400DC4ABBB}.Release|iPhoneSimulator.Build.0 = Release|Any CPU
		{8C5D8746-5DA0-479B-AC1C-5993777AF49E}.Debug|Any CPU.ActiveCfg = Debug|Any CPU
		{8C5D8746-5DA0-479B-AC1C-5993777AF49E}.Debug|Any CPU.Build.0 = Debug|Any CPU
		{8C5D8746-5DA0-479B-AC1C-5993777AF49E}.Debug|iPhone.ActiveCfg = Debug|Any CPU
		{8C5D8746-5DA0-479B-AC1C-5993777AF49E}.Debug|iPhone.Build.0 = Debug|Any CPU
		{8C5D8746-5DA0-479B-AC1C-5993777AF49E}.Debug|iPhoneSimulator.ActiveCfg = Debug|Any CPU
		{8C5D8746-5DA0-479B-AC1C-5993777AF49E}.Debug|iPhoneSimulator.Build.0 = Debug|Any CPU
		{8C5D8746-5DA0-479B-AC1C-5993777AF49E}.Release|Any CPU.ActiveCfg = Release|Any CPU
		{8C5D8746-5DA0-479B-AC1C-5993777AF49E}.Release|Any CPU.Build.0 = Release|Any CPU
		{8C5D8746-5DA0-479B-AC1C-5993777AF49E}.Release|iPhone.ActiveCfg = Release|Any CPU
		{8C5D8746-5DA0-479B-AC1C-5993777AF49E}.Release|iPhone.Build.0 = Release|Any CPU
		{8C5D8746-5DA0-479B-AC1C-5993777AF49E}.Release|iPhoneSimulator.ActiveCfg = Release|Any CPU
		{8C5D8746-5DA0-479B-AC1C-5993777AF49E}.Release|iPhoneSimulator.Build.0 = Release|Any CPU
	EndGlobalSection
	GlobalSection(SolutionProperties) = preSolution
		HideSolutionNode = FALSE
	EndGlobalSection
	GlobalSection(NestedProjects) = preSolution
		{5C568659-D60A-4324-9E82-86400DC4ABBB} = {CEF5F13E-9A3F-4C7D-B40D-ABF79BC1E34C}
		{8C5D8746-5DA0-479B-AC1C-5993777AF49E} = {025C8228-1B08-4A47-B6D3-96BD37516058}
	EndGlobalSection
	GlobalSection(ExtensibilityGlobals) = postSolution
		SolutionGuid = {20CCAC73-EAB0-43E7-A638-0471550465E1}
	EndGlobalSection
EndGlobal
